
Microsoft Visual Studio Solution File, Format Version 12.00
Project("{FAE04EC0-301F-11D3-BF4B-00C04F79EFBC}") = "DIContainer.Core.Tests", "DIContainer.Core.Tests\DIContainer.Core.Tests.csproj", "{7D354954-857E-4046-9B18-0F955CB852E0}"
EndProject
Project("{FAE04EC0-301F-11D3-BF4B-00C04F79EFBC}") = "DIContainer.Core", "DIContainer.Core\DIContainer.Core.csproj", "{76182937-D050-43E2-8288-0332D49457CE}"
EndProject
Project("{FAE04EC0-301F-11D3-BF4B-00C04F79EFBC}") = "DIContainer.Sample", "DIContainer.Sample\DIContainer.Sample.csproj", "{26D2FA24-BBAF-45B4-B5AB-23878BD90843}"
EndProject
Global
	GlobalSection(SolutionConfigurationPlatforms) = preSolution
		Debug|Any CPU = Debug|Any CPU
		Release|Any CPU = Release|Any CPU
	EndGlobalSection
	GlobalSection(ProjectConfigurationPlatforms) = postSolution
		{7D354954-857E-4046-9B18-0F955CB852E0}.Debug|Any CPU.ActiveCfg = Debug|Any CPU
		{7D354954-857E-4046-9B18-0F955CB852E0}.Debug|Any CPU.Build.0 = Debug|Any CPU
		{7D354954-857E-4046-9B18-0F955CB852E0}.Release|Any CPU.ActiveCfg = Release|Any CPU
		{7D354954-857E-4046-9B18-0F955CB852E0}.Release|Any CPU.Build.0 = Release|Any CPU
		{76182937-D050-43E2-8288-0332D49457CE}.Debug|Any CPU.ActiveCfg = Debug|Any CPU
		{76182937-D050-43E2-8288-0332D49457CE}.Debug|Any CPU.Build.0 = Debug|Any CPU
		{76182937-D050-43E2-8288-0332D49457CE}.Release|Any CPU.ActiveCfg = Release|Any CPU
		{76182937-D050-43E2-8288-0332D49457CE}.Release|Any CPU.Build.0 = Release|Any CPU
		{26D2FA24-BBAF-45B4-B5AB-23878BD90843}.Debug|Any CPU.ActiveCfg = Debug|Any CPU
		{26D2FA24-BBAF-45B4-B5AB-23878BD90843}.Debug|Any CPU.Build.0 = Debug|Any CPU
		{26D2FA24-BBAF-45B4-B5AB-23878BD90843}.Release|Any CPU.ActiveCfg = Release|Any CPU
		{26D2FA24-BBAF-45B4-B5AB-23878BD90843}.Release|Any CPU.Build.0 = Release|Any CPU
	EndGlobalSection
EndGlobal
